
Microsoft Visual Studio Solution File, Format Version 12.00
# Visual Studio 15
VisualStudioVersion = 15.0.27004.2002
MinimumVisualStudioVersion = 10.0.40219.1
Project("{9A19103F-16F7-4668-BE54-9A1E7A4F7556}") = "XTool", "XTool\XTool.csproj", "{7FFFB454-076D-459A-85BA-D6A865B1AC84}"
EndProject
Global
	GlobalSection(SolutionConfigurationPlatforms) = preSolution
		Debug|Any CPU = Debug|Any CPU
		Release|Any CPU = Release|Any CPU
	EndGlobalSection
	GlobalSection(ProjectConfigurationPlatforms) = postSolution
		{7FFFB454-076D-459A-85BA-D6A865B1AC84}.Debug|Any CPU.ActiveCfg = Debug|Any CPU
		{7FFFB454-076D-459A-85BA-D6A865B1AC84}.Debug|Any CPU.Build.0 = Debug|Any CPU
		{7FFFB454-076D-459A-85BA-D6A865B1AC84}.Release|Any CPU.ActiveCfg = Release|Any CPU
		{7FFFB454-076D-459A-85BA-D6A865B1AC84}.Release|Any CPU.Build.0 = Release|Any CPU
	EndGlobalSection
	GlobalSection(SolutionProperties) = preSolution
		HideSolutionNode = FALSE
	EndGlobalSection
	GlobalSection(ExtensibilityGlobals) = postSolution
		SolutionGuid = {545085CD-AE0B-4A73-B1BA-5178A8CBC800}
	EndGlobalSection
EndGlobal
